// !$*UTF8*$!
{
	archiveVersion = 1;
	classes = {
	};
	objectVersion = 55;
	objects = {

/* Begin PBXBuildFile section */
		452AFECE275443720060BD43 /* SignUpView.swift in Sources */ = {isa = PBXBuildFile; fileRef = 452AFECD275443720060BD43 /* SignUpView.swift */; };
		452AFED0275444020060BD43 /* SignUpViewModel.swift in Sources */ = {isa = PBXBuildFile; fileRef = 452AFECF275444020060BD43 /* SignUpViewModel.swift */; };
		453147612751B2A0000A85D7 /* ListChoreView.swift in Sources */ = {isa = PBXBuildFile; fileRef = 453147602751B2A0000A85D7 /* ListChoreView.swift */; };
		453147632751B2AF000A85D7 /* ListChoreViewModel.swift in Sources */ = {isa = PBXBuildFile; fileRef = 453147622751B2AF000A85D7 /* ListChoreViewModel.swift */; };
		453147662751C83E000A85D7 /* LoginView.swift in Sources */ = {isa = PBXBuildFile; fileRef = 453147652751C83E000A85D7 /* LoginView.swift */; };
		453147682751CC53000A85D7 /* LoginViewModel.swift.swift in Sources */ = {isa = PBXBuildFile; fileRef = 453147672751CC53000A85D7 /* LoginViewModel.swift.swift */; };
		4531476B2751FFBD000A85D7 /* AuthService.swift in Sources */ = {isa = PBXBuildFile; fileRef = 4531476A2751FFBD000A85D7 /* AuthService.swift */; };
		4531476E2752FBFC000A85D7 /* AppViewModel.swift in Sources */ = {isa = PBXBuildFile; fileRef = 4531476D2752FBFC000A85D7 /* AppViewModel.swift */; };
		45395C58272A258600F50B70 /* ChoreCard.swift in Sources */ = {isa = PBXBuildFile; fileRef = 45395C57272A258600F50B70 /* ChoreCard.swift */; };
		45395C5B272B20F600F50B70 /* Dependency.swift in Sources */ = {isa = PBXBuildFile; fileRef = 45395C5A272B20F600F50B70 /* Dependency.swift */; };
		45395C5D272B2A6B00F50B70 /* Assets.xcassets in Resources */ = {isa = PBXBuildFile; fileRef = 45395C5C272B2A6B00F50B70 /* Assets.xcassets */; };
		45395C5F272B2E2700F50B70 /* GoogleService-Info.plist in Resources */ = {isa = PBXBuildFile; fileRef = 45395C5E272B2E2700F50B70 /* GoogleService-Info.plist */; };
		45ACB4AC2724AD1A000E04A0 /* ChoreRewardApp.swift in Sources */ = {isa = PBXBuildFile; fileRef = 45ACB4AB2724AD1A000E04A0 /* ChoreRewardApp.swift */; };
		45ACB4AE2724AD1A000E04A0 /* ContentView.swift in Sources */ = {isa = PBXBuildFile; fileRef = 45ACB4AD2724AD1A000E04A0 /* ContentView.swift */; };
		45ACB4B32724AD1D000E04A0 /* Preview Assets.xcassets in Resources */ = {isa = PBXBuildFile; fileRef = 45ACB4B22724AD1D000E04A0 /* Preview Assets.xcassets */; };
		45ACB4C22724AD1D000E04A0 /* ChoreRewardTests.swift in Sources */ = {isa = PBXBuildFile; fileRef = 45ACB4C12724AD1D000E04A0 /* ChoreRewardTests.swift */; };
		45ACB4CC2724AD1D000E04A0 /* ChoreRewardUITests.swift in Sources */ = {isa = PBXBuildFile; fileRef = 45ACB4CB2724AD1D000E04A0 /* ChoreRewardUITests.swift */; };
		45ACB4CE2724AD1D000E04A0 /* ChoreRewardUITestsLaunchTests.swift in Sources */ = {isa = PBXBuildFile; fileRef = 45ACB4CD2724AD1D000E04A0 /* ChoreRewardUITestsLaunchTests.swift */; };
		45ACB4DC2724AE00000E04A0 /* Chore.swift in Sources */ = {isa = PBXBuildFile; fileRef = 45ACB4DB2724AE00000E04A0 /* Chore.swift */; };
		45ACB4DE2724AEBE000E04A0 /* Reward.swift in Sources */ = {isa = PBXBuildFile; fileRef = 45ACB4DD2724AEBE000E04A0 /* Reward.swift */; };
		45B012CD275491ED002C7A06 /* FirebaseAnalytics in Frameworks */ = {isa = PBXBuildFile; productRef = 45B012CC275491ED002C7A06 /* FirebaseAnalytics */; };
		45B012CF275491ED002C7A06 /* FirebaseAuth in Frameworks */ = {isa = PBXBuildFile; productRef = 45B012CE275491ED002C7A06 /* FirebaseAuth */; };
		45B012D1275491ED002C7A06 /* FirebaseFirestore in Frameworks */ = {isa = PBXBuildFile; productRef = 45B012D0275491ED002C7A06 /* FirebaseFirestore */; };
		45B012D3275491ED002C7A06 /* FirebaseFirestoreSwift-Beta in Frameworks */ = {isa = PBXBuildFile; productRef = 45B012D2275491ED002C7A06 /* FirebaseFirestoreSwift-Beta */; };
		45B012D7275495CF002C7A06 /* UserRepository.swift in Sources */ = {isa = PBXBuildFile; fileRef = 45B012D6275495CF002C7A06 /* UserRepository.swift */; };
		45B6BB39272FC72100F89D74 /* AppView.swift in Sources */ = {isa = PBXBuildFile; fileRef = 45B6BB38272FC72100F89D74 /* AppView.swift */; };
		45D1E5C12756BD7B0008B628 /* LoginUseCase.swift in Sources */ = {isa = PBXBuildFile; fileRef = 45D1E5C02756BD7B0008B628 /* LoginUseCase.swift */; };
		45D1E5C32756CDFA0008B628 /* UseCaseResult.swift in Sources */ = {isa = PBXBuildFile; fileRef = 45D1E5C22756CDFA0008B628 /* UseCaseResult.swift */; };
		45D1E5C52756D2C20008B628 /* SignUpUseCase.swift in Sources */ = {isa = PBXBuildFile; fileRef = 45D1E5C42756D2C20008B628 /* SignUpUseCase.swift */; };
		45D1E5C72756D8200008B628 /* SignOutUseCase.swift in Sources */ = {isa = PBXBuildFile; fileRef = 45D1E5C62756D8200008B628 /* SignOutUseCase.swift */; };
		45D7AE872733572700A53812 /* NewChoreFormView.swift.swift in Sources */ = {isa = PBXBuildFile; fileRef = 45D7AE862733572700A53812 /* NewChoreFormView.swift.swift */; };
		45D7AE8C27346E9900A53812 /* TextFieldView.swift in Sources */ = {isa = PBXBuildFile; fileRef = 45D7AE8B27346E9900A53812 /* TextFieldView.swift */; };
		45D7AE8F273476AF00A53812 /* TextFieldViewModel.swift in Sources */ = {isa = PBXBuildFile; fileRef = 45D7AE8E273476AF00A53812 /* TextFieldViewModel.swift */; };
		45D7AE91273479C000A53812 /* NewChoreFormViewModel.swift in Sources */ = {isa = PBXBuildFile; fileRef = 45D7AE90273479C000A53812 /* NewChoreFormViewModel.swift */; };
		45D7AE9327347D2900A53812 /* User.swift in Sources */ = {isa = PBXBuildFile; fileRef = 45D7AE9227347D2900A53812 /* User.swift */; };
		45D7AE952735B4A100A53812 /* Family.swift in Sources */ = {isa = PBXBuildFile; fileRef = 45D7AE942735B4A100A53812 /* Family.swift */; };
		45D7AE9C2735FE4200A53812 /* PickerView.swift in Sources */ = {isa = PBXBuildFile; fileRef = 45D7AE9B2735FE4200A53812 /* PickerView.swift */; };
		45D7AE9E2735FE6C00A53812 /* PickerViewModel.swift in Sources */ = {isa = PBXBuildFile; fileRef = 45D7AE9D2735FE6C00A53812 /* PickerViewModel.swift */; };
		45E483CA275402F6009DA543 /* RootView.swift in Sources */ = {isa = PBXBuildFile; fileRef = 45E483C9275402F6009DA543 /* RootView.swift */; };
		45E483CC27540305009DA543 /* RootViewModel.swift in Sources */ = {isa = PBXBuildFile; fileRef = 45E483CB27540305009DA543 /* RootViewModel.swift */; };
/* End PBXBuildFile section */

/* Begin PBXContainerItemProxy section */
		45ACB4BE2724AD1D000E04A0 /* PBXContainerItemProxy */ = {
			isa = PBXContainerItemProxy;
			containerPortal = 45ACB4A02724AD1A000E04A0 /* Project object */;
			proxyType = 1;
			remoteGlobalIDString = 45ACB4A72724AD1A000E04A0;
			remoteInfo = ChoreReward;
		};
		45ACB4C82724AD1D000E04A0 /* PBXContainerItemProxy */ = {
			isa = PBXContainerItemProxy;
			containerPortal = 45ACB4A02724AD1A000E04A0 /* Project object */;
			proxyType = 1;
			remoteGlobalIDString = 45ACB4A72724AD1A000E04A0;
			remoteInfo = ChoreReward;
		};
/* End PBXContainerItemProxy section */

/* Begin PBXFileReference section */
		452AFECD275443720060BD43 /* SignUpView.swift */ = {isa = PBXFileReference; lastKnownFileType = sourcecode.swift; path = SignUpView.swift; sourceTree = "<group>"; };
		452AFECF275444020060BD43 /* SignUpViewModel.swift */ = {isa = PBXFileReference; lastKnownFileType = sourcecode.swift; path = SignUpViewModel.swift; sourceTree = "<group>"; };
		453147602751B2A0000A85D7 /* ListChoreView.swift */ = {isa = PBXFileReference; lastKnownFileType = sourcecode.swift; path = ListChoreView.swift; sourceTree = "<group>"; };
		453147622751B2AF000A85D7 /* ListChoreViewModel.swift */ = {isa = PBXFileReference; lastKnownFileType = sourcecode.swift; path = ListChoreViewModel.swift; sourceTree = "<group>"; };
		453147652751C83E000A85D7 /* LoginView.swift */ = {isa = PBXFileReference; lastKnownFileType = sourcecode.swift; path = LoginView.swift; sourceTree = "<group>"; };
		453147672751CC53000A85D7 /* LoginViewModel.swift.swift */ = {isa = PBXFileReference; lastKnownFileType = sourcecode.swift; path = LoginViewModel.swift.swift; sourceTree = "<group>"; };
		4531476A2751FFBD000A85D7 /* AuthService.swift */ = {isa = PBXFileReference; lastKnownFileType = sourcecode.swift; path = AuthService.swift; sourceTree = "<group>"; };
		4531476D2752FBFC000A85D7 /* AppViewModel.swift */ = {isa = PBXFileReference; lastKnownFileType = sourcecode.swift; path = AppViewModel.swift; sourceTree = "<group>"; };
		45395C57272A258600F50B70 /* ChoreCard.swift */ = {isa = PBXFileReference; lastKnownFileType = sourcecode.swift; path = ChoreCard.swift; sourceTree = "<group>"; };
		45395C5A272B20F600F50B70 /* Dependency.swift */ = {isa = PBXFileReference; lastKnownFileType = sourcecode.swift; path = Dependency.swift; sourceTree = "<group>"; };
		45395C5C272B2A6B00F50B70 /* Assets.xcassets */ = {isa = PBXFileReference; lastKnownFileType = folder.assetcatalog; path = Assets.xcassets; sourceTree = "<group>"; };
		45395C5E272B2E2700F50B70 /* GoogleService-Info.plist */ = {isa = PBXFileReference; fileEncoding = 4; lastKnownFileType = text.plist.xml; path = "GoogleService-Info.plist"; sourceTree = "<group>"; };
		45ACB4A82724AD1A000E04A0 /* ChoreReward.app */ = {isa = PBXFileReference; explicitFileType = wrapper.application; includeInIndex = 0; path = ChoreReward.app; sourceTree = BUILT_PRODUCTS_DIR; };
		45ACB4AB2724AD1A000E04A0 /* ChoreRewardApp.swift */ = {isa = PBXFileReference; lastKnownFileType = sourcecode.swift; path = ChoreRewardApp.swift; sourceTree = "<group>"; };
		45ACB4AD2724AD1A000E04A0 /* ContentView.swift */ = {isa = PBXFileReference; lastKnownFileType = sourcecode.swift; path = ContentView.swift; sourceTree = "<group>"; };
		45ACB4B22724AD1D000E04A0 /* Preview Assets.xcassets */ = {isa = PBXFileReference; lastKnownFileType = folder.assetcatalog; path = "Preview Assets.xcassets"; sourceTree = "<group>"; };
		45ACB4BD2724AD1D000E04A0 /* ChoreRewardTests.xctest */ = {isa = PBXFileReference; explicitFileType = wrapper.cfbundle; includeInIndex = 0; path = ChoreRewardTests.xctest; sourceTree = BUILT_PRODUCTS_DIR; };
		45ACB4C12724AD1D000E04A0 /* ChoreRewardTests.swift */ = {isa = PBXFileReference; lastKnownFileType = sourcecode.swift; path = ChoreRewardTests.swift; sourceTree = "<group>"; };
		45ACB4C72724AD1D000E04A0 /* ChoreRewardUITests.xctest */ = {isa = PBXFileReference; explicitFileType = wrapper.cfbundle; includeInIndex = 0; path = ChoreRewardUITests.xctest; sourceTree = BUILT_PRODUCTS_DIR; };
		45ACB4CB2724AD1D000E04A0 /* ChoreRewardUITests.swift */ = {isa = PBXFileReference; lastKnownFileType = sourcecode.swift; path = ChoreRewardUITests.swift; sourceTree = "<group>"; };
		45ACB4CD2724AD1D000E04A0 /* ChoreRewardUITestsLaunchTests.swift */ = {isa = PBXFileReference; lastKnownFileType = sourcecode.swift; path = ChoreRewardUITestsLaunchTests.swift; sourceTree = "<group>"; };
		45ACB4DB2724AE00000E04A0 /* Chore.swift */ = {isa = PBXFileReference; lastKnownFileType = sourcecode.swift; path = Chore.swift; sourceTree = "<group>"; };
		45ACB4DD2724AEBE000E04A0 /* Reward.swift */ = {isa = PBXFileReference; lastKnownFileType = sourcecode.swift; path = Reward.swift; sourceTree = "<group>"; };
		45B012D6275495CF002C7A06 /* UserRepository.swift */ = {isa = PBXFileReference; lastKnownFileType = sourcecode.swift; path = UserRepository.swift; sourceTree = "<group>"; };
		45B6BB38272FC72100F89D74 /* AppView.swift */ = {isa = PBXFileReference; lastKnownFileType = sourcecode.swift; path = AppView.swift; sourceTree = "<group>"; };
		45D1E5C02756BD7B0008B628 /* LoginUseCase.swift */ = {isa = PBXFileReference; lastKnownFileType = sourcecode.swift; path = LoginUseCase.swift; sourceTree = "<group>"; };
		45D1E5C22756CDFA0008B628 /* UseCaseResult.swift */ = {isa = PBXFileReference; lastKnownFileType = sourcecode.swift; path = UseCaseResult.swift; sourceTree = "<group>"; };
		45D1E5C42756D2C20008B628 /* SignUpUseCase.swift */ = {isa = PBXFileReference; lastKnownFileType = sourcecode.swift; path = SignUpUseCase.swift; sourceTree = "<group>"; };
		45D1E5C62756D8200008B628 /* SignOutUseCase.swift */ = {isa = PBXFileReference; lastKnownFileType = sourcecode.swift; path = SignOutUseCase.swift; sourceTree = "<group>"; };
		45D7AE862733572700A53812 /* NewChoreFormView.swift.swift */ = {isa = PBXFileReference; lastKnownFileType = sourcecode.swift; path = NewChoreFormView.swift.swift; sourceTree = "<group>"; };
		45D7AE8B27346E9900A53812 /* TextFieldView.swift */ = {isa = PBXFileReference; lastKnownFileType = sourcecode.swift; path = TextFieldView.swift; sourceTree = "<group>"; };
		45D7AE8E273476AF00A53812 /* TextFieldViewModel.swift */ = {isa = PBXFileReference; lastKnownFileType = sourcecode.swift; path = TextFieldViewModel.swift; sourceTree = "<group>"; };
		45D7AE90273479C000A53812 /* NewChoreFormViewModel.swift */ = {isa = PBXFileReference; lastKnownFileType = sourcecode.swift; path = NewChoreFormViewModel.swift; sourceTree = "<group>"; };
		45D7AE9227347D2900A53812 /* User.swift */ = {isa = PBXFileReference; lastKnownFileType = sourcecode.swift; path = User.swift; sourceTree = "<group>"; };
		45D7AE942735B4A100A53812 /* Family.swift */ = {isa = PBXFileReference; lastKnownFileType = sourcecode.swift; path = Family.swift; sourceTree = "<group>"; };
		45D7AE9B2735FE4200A53812 /* PickerView.swift */ = {isa = PBXFileReference; lastKnownFileType = sourcecode.swift; path = PickerView.swift; sourceTree = "<group>"; };
		45D7AE9D2735FE6C00A53812 /* PickerViewModel.swift */ = {isa = PBXFileReference; lastKnownFileType = sourcecode.swift; path = PickerViewModel.swift; sourceTree = "<group>"; };
		45E483C9275402F6009DA543 /* RootView.swift */ = {isa = PBXFileReference; lastKnownFileType = sourcecode.swift; path = RootView.swift; sourceTree = "<group>"; };
		45E483CB27540305009DA543 /* RootViewModel.swift */ = {isa = PBXFileReference; lastKnownFileType = sourcecode.swift; path = RootViewModel.swift; sourceTree = "<group>"; };
/* End PBXFileReference section */

/* Begin PBXFrameworksBuildPhase section */
		45ACB4A52724AD1A000E04A0 /* Frameworks */ = {
			isa = PBXFrameworksBuildPhase;
			buildActionMask = 2147483647;
			files = (
				45B012CD275491ED002C7A06 /* FirebaseAnalytics in Frameworks */,
				45B012D3275491ED002C7A06 /* FirebaseFirestoreSwift-Beta in Frameworks */,
				45B012CF275491ED002C7A06 /* FirebaseAuth in Frameworks */,
				45B012D1275491ED002C7A06 /* FirebaseFirestore in Frameworks */,
			);
			runOnlyForDeploymentPostprocessing = 0;
		};
		45ACB4BA2724AD1D000E04A0 /* Frameworks */ = {
			isa = PBXFrameworksBuildPhase;
			buildActionMask = 2147483647;
			files = (
			);
			runOnlyForDeploymentPostprocessing = 0;
		};
		45ACB4C42724AD1D000E04A0 /* Frameworks */ = {
			isa = PBXFrameworksBuildPhase;
			buildActionMask = 2147483647;
			files = (
			);
			runOnlyForDeploymentPostprocessing = 0;
		};
/* End PBXFrameworksBuildPhase section */

/* Begin PBXGroup section */
		4531475F2751B27F000A85D7 /* ListChoreView */ = {
			isa = PBXGroup;
			children = (
				453147602751B2A0000A85D7 /* ListChoreView.swift */,
				453147622751B2AF000A85D7 /* ListChoreViewModel.swift */,
			);
			path = ListChoreView;
			sourceTree = "<group>";
		};
		453147642751C823000A85D7 /* LoginView */ = {
			isa = PBXGroup;
			children = (
				453147652751C83E000A85D7 /* LoginView.swift */,
				453147672751CC53000A85D7 /* LoginViewModel.swift.swift */,
			);
			path = LoginView;
			sourceTree = "<group>";
		};
		453147692751FF91000A85D7 /* Service */ = {
			isa = PBXGroup;
			children = (
				4531476A2751FFBD000A85D7 /* AuthService.swift */,
			);
			path = Service;
			sourceTree = "<group>";
		};
		4531476C2752FBE6000A85D7 /* AppView */ = {
			isa = PBXGroup;
			children = (
				45B6BB38272FC72100F89D74 /* AppView.swift */,
				4531476D2752FBFC000A85D7 /* AppViewModel.swift */,
			);
			path = AppView;
			sourceTree = "<group>";
		};
		45395C53272A252900F50B70 /* UI */ = {
			isa = PBXGroup;
			children = (
				45395C54272A253E00F50B70 /* Views */,
			);
			path = UI;
			sourceTree = "<group>";
		};
		45395C54272A253E00F50B70 /* Views */ = {
			isa = PBXGroup;
			children = (
				45E483CF2754359B009DA543 /* SignUpView */,
				45E483C8275402D9009DA543 /* RootView */,
				4531476C2752FBE6000A85D7 /* AppView */,
				453147642751C823000A85D7 /* LoginView */,
				4531475F2751B27F000A85D7 /* ListChoreView */,
				45D7AE8A27346E7600A53812 /* ComponentViews */,
				45D7AE8827346E5100A53812 /* NewChoreFormView */,
			);
			path = Views;
			sourceTree = "<group>";
		};
		45395C59272B20E900F50B70 /* Dependency */ = {
			isa = PBXGroup;
			children = (
				45395C5A272B20F600F50B70 /* Dependency.swift */,
			);
			path = Dependency;
			sourceTree = "<group>";
		};
		45ACB49F2724AD1A000E04A0 = {
			isa = PBXGroup;
			children = (
				45ACB4AA2724AD1A000E04A0 /* ChoreReward */,
				45395C5E272B2E2700F50B70 /* GoogleService-Info.plist */,
				45ACB4C02724AD1D000E04A0 /* ChoreRewardTests */,
				45ACB4CA2724AD1D000E04A0 /* ChoreRewardUITests */,
				45ACB4A92724AD1A000E04A0 /* Products */,
			);
			sourceTree = "<group>";
		};
		45ACB4A92724AD1A000E04A0 /* Products */ = {
			isa = PBXGroup;
			children = (
				45ACB4A82724AD1A000E04A0 /* ChoreReward.app */,
				45ACB4BD2724AD1D000E04A0 /* ChoreRewardTests.xctest */,
				45ACB4C72724AD1D000E04A0 /* ChoreRewardUITests.xctest */,
			);
			name = Products;
			sourceTree = "<group>";
		};
		45ACB4AA2724AD1A000E04A0 /* ChoreReward */ = {
			isa = PBXGroup;
			children = (
				45395C59272B20E900F50B70 /* Dependency */,
				45B012D427549394002C7A06 /* Repository */,
				453147692751FF91000A85D7 /* Service */,
				45D1E5BD2756BBA70008B628 /* UseCase */,
				45395C53272A252900F50B70 /* UI */,
				45ACB4DA2724ADC9000E04A0 /* Model */,
				45ACB4B12724AD1D000E04A0 /* Preview Content */,
				45ACB4AB2724AD1A000E04A0 /* ChoreRewardApp.swift */,
				45ACB4AD2724AD1A000E04A0 /* ContentView.swift */,
				45395C5C272B2A6B00F50B70 /* Assets.xcassets */,
			);
			path = ChoreReward;
			sourceTree = "<group>";
		};
		45ACB4B12724AD1D000E04A0 /* Preview Content */ = {
			isa = PBXGroup;
			children = (
				45ACB4B22724AD1D000E04A0 /* Preview Assets.xcassets */,
			);
			path = "Preview Content";
			sourceTree = "<group>";
		};
		45ACB4C02724AD1D000E04A0 /* ChoreRewardTests */ = {
			isa = PBXGroup;
			children = (
				45ACB4C12724AD1D000E04A0 /* ChoreRewardTests.swift */,
			);
			path = ChoreRewardTests;
			sourceTree = "<group>";
		};
		45ACB4CA2724AD1D000E04A0 /* ChoreRewardUITests */ = {
			isa = PBXGroup;
			children = (
				45ACB4CB2724AD1D000E04A0 /* ChoreRewardUITests.swift */,
				45ACB4CD2724AD1D000E04A0 /* ChoreRewardUITestsLaunchTests.swift */,
			);
			path = ChoreRewardUITests;
			sourceTree = "<group>";
		};
		45ACB4DA2724ADC9000E04A0 /* Model */ = {
			isa = PBXGroup;
			children = (
				45ACB4DB2724AE00000E04A0 /* Chore.swift */,
				45ACB4DD2724AEBE000E04A0 /* Reward.swift */,
				45D7AE9227347D2900A53812 /* User.swift */,
				45D7AE942735B4A100A53812 /* Family.swift */,
			);
			path = Model;
			sourceTree = "<group>";
		};
		45B012D427549394002C7A06 /* Repository */ = {
			isa = PBXGroup;
			children = (
				45B012D5275495B9002C7A06 /* UserRepository */,
			);
			path = Repository;
			sourceTree = "<group>";
		};
		45B012D5275495B9002C7A06 /* UserRepository */ = {
			isa = PBXGroup;
			children = (
				45B012D6275495CF002C7A06 /* UserRepository.swift */,
			);
			path = UserRepository;
			sourceTree = "<group>";
		};
		45D1E5BD2756BBA70008B628 /* UseCase */ = {
			isa = PBXGroup;
			children = (
				45D1E5C02756BD7B0008B628 /* LoginUseCase.swift */,
				45D1E5C22756CDFA0008B628 /* UseCaseResult.swift */,
				45D1E5C42756D2C20008B628 /* SignUpUseCase.swift */,
				45D1E5C62756D8200008B628 /* SignOutUseCase.swift */,
			);
			path = UseCase;
			sourceTree = "<group>";
		};
		45D7AE8827346E5100A53812 /* NewChoreFormView */ = {
			isa = PBXGroup;
			children = (
				45D7AE862733572700A53812 /* NewChoreFormView.swift.swift */,
				45D7AE90273479C000A53812 /* NewChoreFormViewModel.swift */,
			);
			path = NewChoreFormView;
			sourceTree = "<group>";
		};
		45D7AE8A27346E7600A53812 /* ComponentViews */ = {
			isa = PBXGroup;
			children = (
				45395C57272A258600F50B70 /* ChoreCard.swift */,
				45D7AE9A2735E77700A53812 /* PickerView */,
				45D7AE8D2734769100A53812 /* TextFieldView */,
			);
			path = ComponentViews;
			sourceTree = "<group>";
		};
		45D7AE8D2734769100A53812 /* TextFieldView */ = {
			isa = PBXGroup;
			children = (
				45D7AE8B27346E9900A53812 /* TextFieldView.swift */,
				45D7AE8E273476AF00A53812 /* TextFieldViewModel.swift */,
			);
			path = TextFieldView;
			sourceTree = "<group>";
		};
		45D7AE9A2735E77700A53812 /* PickerView */ = {
			isa = PBXGroup;
			children = (
				45D7AE9B2735FE4200A53812 /* PickerView.swift */,
				45D7AE9D2735FE6C00A53812 /* PickerViewModel.swift */,
			);
			path = PickerView;
			sourceTree = "<group>";
		};
		45E483C8275402D9009DA543 /* RootView */ = {
			isa = PBXGroup;
			children = (
				45E483C9275402F6009DA543 /* RootView.swift */,
				45E483CB27540305009DA543 /* RootViewModel.swift */,
			);
			path = RootView;
			sourceTree = "<group>";
		};
		45E483CF2754359B009DA543 /* SignUpView */ = {
			isa = PBXGroup;
			children = (
				452AFECD275443720060BD43 /* SignUpView.swift */,
				452AFECF275444020060BD43 /* SignUpViewModel.swift */,
			);
			path = SignUpView;
			sourceTree = "<group>";
		};
/* End PBXGroup section */

/* Begin PBXNativeTarget section */
		45ACB4A72724AD1A000E04A0 /* ChoreReward */ = {
			isa = PBXNativeTarget;
			buildConfigurationList = 45ACB4D12724AD1D000E04A0 /* Build configuration list for PBXNativeTarget "ChoreReward" */;
			buildPhases = (
				45ACB4A42724AD1A000E04A0 /* Sources */,
				45ACB4A52724AD1A000E04A0 /* Frameworks */,
				45ACB4A62724AD1A000E04A0 /* Resources */,
			);
			buildRules = (
			);
			dependencies = (
			);
			name = ChoreReward;
			packageProductDependencies = (
				45B012CC275491ED002C7A06 /* FirebaseAnalytics */,
				45B012CE275491ED002C7A06 /* FirebaseAuth */,
				45B012D0275491ED002C7A06 /* FirebaseFirestore */,
				45B012D2275491ED002C7A06 /* FirebaseFirestoreSwift-Beta */,
			);
			productName = ChoreReward;
			productReference = 45ACB4A82724AD1A000E04A0 /* ChoreReward.app */;
			productType = "com.apple.product-type.application";
		};
		45ACB4BC2724AD1D000E04A0 /* ChoreRewardTests */ = {
			isa = PBXNativeTarget;
			buildConfigurationList = 45ACB4D42724AD1D000E04A0 /* Build configuration list for PBXNativeTarget "ChoreRewardTests" */;
			buildPhases = (
				45ACB4B92724AD1D000E04A0 /* Sources */,
				45ACB4BA2724AD1D000E04A0 /* Frameworks */,
				45ACB4BB2724AD1D000E04A0 /* Resources */,
			);
			buildRules = (
			);
			dependencies = (
				45ACB4BF2724AD1D000E04A0 /* PBXTargetDependency */,
			);
			name = ChoreRewardTests;
			productName = ChoreRewardTests;
			productReference = 45ACB4BD2724AD1D000E04A0 /* ChoreRewardTests.xctest */;
			productType = "com.apple.product-type.bundle.unit-test";
		};
		45ACB4C62724AD1D000E04A0 /* ChoreRewardUITests */ = {
			isa = PBXNativeTarget;
			buildConfigurationList = 45ACB4D72724AD1D000E04A0 /* Build configuration list for PBXNativeTarget "ChoreRewardUITests" */;
			buildPhases = (
				45ACB4C32724AD1D000E04A0 /* Sources */,
				45ACB4C42724AD1D000E04A0 /* Frameworks */,
				45ACB4C52724AD1D000E04A0 /* Resources */,
			);
			buildRules = (
			);
			dependencies = (
				45ACB4C92724AD1D000E04A0 /* PBXTargetDependency */,
			);
			name = ChoreRewardUITests;
			productName = ChoreRewardUITests;
			productReference = 45ACB4C72724AD1D000E04A0 /* ChoreRewardUITests.xctest */;
			productType = "com.apple.product-type.bundle.ui-testing";
		};
/* End PBXNativeTarget section */

/* Begin PBXProject section */
		45ACB4A02724AD1A000E04A0 /* Project object */ = {
			isa = PBXProject;
			attributes = {
				BuildIndependentTargetsInParallel = 1;
				LastSwiftUpdateCheck = 1300;
				LastUpgradeCheck = 1300;
				TargetAttributes = {
					45ACB4A72724AD1A000E04A0 = {
						CreatedOnToolsVersion = 13.0;
					};
					45ACB4BC2724AD1D000E04A0 = {
						CreatedOnToolsVersion = 13.0;
						TestTargetID = 45ACB4A72724AD1A000E04A0;
					};
					45ACB4C62724AD1D000E04A0 = {
						CreatedOnToolsVersion = 13.0;
						TestTargetID = 45ACB4A72724AD1A000E04A0;
					};
				};
			};
			buildConfigurationList = 45ACB4A32724AD1A000E04A0 /* Build configuration list for PBXProject "ChoreReward" */;
			compatibilityVersion = "Xcode 13.0";
			developmentRegion = en;
			hasScannedForEncodings = 0;
			knownRegions = (
				en,
				Base,
			);
			mainGroup = 45ACB49F2724AD1A000E04A0;
			packageReferences = (
				45B012CB275491ED002C7A06 /* XCRemoteSwiftPackageReference "firebase-ios-sdk" */,
			);
			productRefGroup = 45ACB4A92724AD1A000E04A0 /* Products */;
			projectDirPath = "";
			projectRoot = "";
			targets = (
				45ACB4A72724AD1A000E04A0 /* ChoreReward */,
				45ACB4BC2724AD1D000E04A0 /* ChoreRewardTests */,
				45ACB4C62724AD1D000E04A0 /* ChoreRewardUITests */,
			);
		};
/* End PBXProject section */

/* Begin PBXResourcesBuildPhase section */
		45ACB4A62724AD1A000E04A0 /* Resources */ = {
			isa = PBXResourcesBuildPhase;
			buildActionMask = 2147483647;
			files = (
				45395C5D272B2A6B00F50B70 /* Assets.xcassets in Resources */,
				45ACB4B32724AD1D000E04A0 /* Preview Assets.xcassets in Resources */,
				45395C5F272B2E2700F50B70 /* GoogleService-Info.plist in Resources */,
			);
			runOnlyForDeploymentPostprocessing = 0;
		};
		45ACB4BB2724AD1D000E04A0 /* Resources */ = {
			isa = PBXResourcesBuildPhase;
			buildActionMask = 2147483647;
			files = (
			);
			runOnlyForDeploymentPostprocessing = 0;
		};
		45ACB4C52724AD1D000E04A0 /* Resources */ = {
			isa = PBXResourcesBuildPhase;
			buildActionMask = 2147483647;
			files = (
			);
			runOnlyForDeploymentPostprocessing = 0;
		};
/* End PBXResourcesBuildPhase section */

/* Begin PBXSourcesBuildPhase section */
		45ACB4A42724AD1A000E04A0 /* Sources */ = {
			isa = PBXSourcesBuildPhase;
			buildActionMask = 2147483647;
			files = (
				45D7AE8F273476AF00A53812 /* TextFieldViewModel.swift in Sources */,
				45E483CA275402F6009DA543 /* RootView.swift in Sources */,
				45ACB4AE2724AD1A000E04A0 /* ContentView.swift in Sources */,
				45395C5B272B20F600F50B70 /* Dependency.swift in Sources */,
				45ACB4DC2724AE00000E04A0 /* Chore.swift in Sources */,
				45B6BB39272FC72100F89D74 /* AppView.swift in Sources */,
				45D1E5C52756D2C20008B628 /* SignUpUseCase.swift in Sources */,
				45D1E5C32756CDFA0008B628 /* UseCaseResult.swift in Sources */,
				4531476B2751FFBD000A85D7 /* AuthService.swift in Sources */,
				453147632751B2AF000A85D7 /* ListChoreViewModel.swift in Sources */,
				452AFECE275443720060BD43 /* SignUpView.swift in Sources */,
				4531476E2752FBFC000A85D7 /* AppViewModel.swift in Sources */,
				45B012D7275495CF002C7A06 /* UserRepository.swift in Sources */,
				453147612751B2A0000A85D7 /* ListChoreView.swift in Sources */,
				45D7AE872733572700A53812 /* NewChoreFormView.swift.swift in Sources */,
				45D7AE9327347D2900A53812 /* User.swift in Sources */,
				45D7AE9C2735FE4200A53812 /* PickerView.swift in Sources */,
				45D1E5C72756D8200008B628 /* SignOutUseCase.swift in Sources */,
				45395C58272A258600F50B70 /* ChoreCard.swift in Sources */,
				45D7AE9E2735FE6C00A53812 /* PickerViewModel.swift in Sources */,
				45ACB4DE2724AEBE000E04A0 /* Reward.swift in Sources */,
				45D7AE952735B4A100A53812 /* Family.swift in Sources */,
				45ACB4AC2724AD1A000E04A0 /* ChoreRewardApp.swift in Sources */,
				452AFED0275444020060BD43 /* SignUpViewModel.swift in Sources */,
				453147662751C83E000A85D7 /* LoginView.swift in Sources */,
				453147682751CC53000A85D7 /* LoginViewModel.swift.swift in Sources */,
				45D7AE8C27346E9900A53812 /* TextFieldView.swift in Sources */,
				45E483CC27540305009DA543 /* RootViewModel.swift in Sources */,
				45D7AE91273479C000A53812 /* NewChoreFormViewModel.swift in Sources */,
				45D1E5C12756BD7B0008B628 /* LoginUseCase.swift in Sources */,
			);
			runOnlyForDeploymentPostprocessing = 0;
		};
		45ACB4B92724AD1D000E04A0 /* Sources */ = {
			isa = PBXSourcesBuildPhase;
			buildActionMask = 2147483647;
			files = (
				45ACB4C22724AD1D000E04A0 /* ChoreRewardTests.swift in Sources */,
			);
			runOnlyForDeploymentPostprocessing = 0;
		};
		45ACB4C32724AD1D000E04A0 /* Sources */ = {
			isa = PBXSourcesBuildPhase;
			buildActionMask = 2147483647;
			files = (
				45ACB4CC2724AD1D000E04A0 /* ChoreRewardUITests.swift in Sources */,
				45ACB4CE2724AD1D000E04A0 /* ChoreRewardUITestsLaunchTests.swift in Sources */,
			);
			runOnlyForDeploymentPostprocessing = 0;
		};
/* End PBXSourcesBuildPhase section */

/* Begin PBXTargetDependency section */
		45ACB4BF2724AD1D000E04A0 /* PBXTargetDependency */ = {
			isa = PBXTargetDependency;
			target = 45ACB4A72724AD1A000E04A0 /* ChoreReward */;
			targetProxy = 45ACB4BE2724AD1D000E04A0 /* PBXContainerItemProxy */;
		};
		45ACB4C92724AD1D000E04A0 /* PBXTargetDependency */ = {
			isa = PBXTargetDependency;
			target = 45ACB4A72724AD1A000E04A0 /* ChoreReward */;
			targetProxy = 45ACB4C82724AD1D000E04A0 /* PBXContainerItemProxy */;
		};
/* End PBXTargetDependency section */

/* Begin XCBuildConfiguration section */
		45ACB4CF2724AD1D000E04A0 /* Debug */ = {
			isa = XCBuildConfiguration;
			buildSettings = {
				ALWAYS_SEARCH_USER_PATHS = NO;
				CLANG_ANALYZER_NONNULL = YES;
				CLANG_ANALYZER_NUMBER_OBJECT_CONVERSION = YES_AGGRESSIVE;
				CLANG_CXX_LANGUAGE_STANDARD = "gnu++17";
				CLANG_CXX_LIBRARY = "libc++";
				CLANG_ENABLE_MODULES = YES;
				CLANG_ENABLE_OBJC_ARC = YES;
				CLANG_ENABLE_OBJC_WEAK = YES;
				CLANG_WARN_BLOCK_CAPTURE_AUTORELEASING = YES;
				CLANG_WARN_BOOL_CONVERSION = YES;
				CLANG_WARN_COMMA = YES;
				CLANG_WARN_CONSTANT_CONVERSION = YES;
				CLANG_WARN_DEPRECATED_OBJC_IMPLEMENTATIONS = YES;
				CLANG_WARN_DIRECT_OBJC_ISA_USAGE = YES_ERROR;
				CLANG_WARN_DOCUMENTATION_COMMENTS = YES;
				CLANG_WARN_EMPTY_BODY = YES;
				CLANG_WARN_ENUM_CONVERSION = YES;
				CLANG_WARN_INFINITE_RECURSION = YES;
				CLANG_WARN_INT_CONVERSION = YES;
				CLANG_WARN_NON_LITERAL_NULL_CONVERSION = YES;
				CLANG_WARN_OBJC_IMPLICIT_RETAIN_SELF = YES;
				CLANG_WARN_OBJC_LITERAL_CONVERSION = YES;
				CLANG_WARN_OBJC_ROOT_CLASS = YES_ERROR;
				CLANG_WARN_QUOTED_INCLUDE_IN_FRAMEWORK_HEADER = YES;
				CLANG_WARN_RANGE_LOOP_ANALYSIS = YES;
				CLANG_WARN_STRICT_PROTOTYPES = YES;
				CLANG_WARN_SUSPICIOUS_MOVE = YES;
				CLANG_WARN_UNGUARDED_AVAILABILITY = YES_AGGRESSIVE;
				CLANG_WARN_UNREACHABLE_CODE = YES;
				CLANG_WARN__DUPLICATE_METHOD_MATCH = YES;
				COPY_PHASE_STRIP = NO;
				DEBUG_INFORMATION_FORMAT = dwarf;
				ENABLE_STRICT_OBJC_MSGSEND = YES;
				ENABLE_TESTABILITY = YES;
				GCC_C_LANGUAGE_STANDARD = gnu11;
				GCC_DYNAMIC_NO_PIC = NO;
				GCC_NO_COMMON_BLOCKS = YES;
				GCC_OPTIMIZATION_LEVEL = 0;
				GCC_PREPROCESSOR_DEFINITIONS = (
					"DEBUG=1",
					"$(inherited)",
				);
				GCC_WARN_64_TO_32_BIT_CONVERSION = YES;
				GCC_WARN_ABOUT_RETURN_TYPE = YES_ERROR;
				GCC_WARN_UNDECLARED_SELECTOR = YES;
				GCC_WARN_UNINITIALIZED_AUTOS = YES_AGGRESSIVE;
				GCC_WARN_UNUSED_FUNCTION = YES;
				GCC_WARN_UNUSED_VARIABLE = YES;
				IPHONEOS_DEPLOYMENT_TARGET = 15.0;
				MTL_ENABLE_DEBUG_INFO = INCLUDE_SOURCE;
				MTL_FAST_MATH = YES;
				ONLY_ACTIVE_ARCH = YES;
				SDKROOT = iphoneos;
				SWIFT_ACTIVE_COMPILATION_CONDITIONS = DEBUG;
				SWIFT_OPTIMIZATION_LEVEL = "-Onone";
			};
			name = Debug;
		};
		45ACB4D02724AD1D000E04A0 /* Release */ = {
			isa = XCBuildConfiguration;
			buildSettings = {
				ALWAYS_SEARCH_USER_PATHS = NO;
				CLANG_ANALYZER_NONNULL = YES;
				CLANG_ANALYZER_NUMBER_OBJECT_CONVERSION = YES_AGGRESSIVE;
				CLANG_CXX_LANGUAGE_STANDARD = "gnu++17";
				CLANG_CXX_LIBRARY = "libc++";
				CLANG_ENABLE_MODULES = YES;
				CLANG_ENABLE_OBJC_ARC = YES;
				CLANG_ENABLE_OBJC_WEAK = YES;
				CLANG_WARN_BLOCK_CAPTURE_AUTORELEASING = YES;
				CLANG_WARN_BOOL_CONVERSION = YES;
				CLANG_WARN_COMMA = YES;
				CLANG_WARN_CONSTANT_CONVERSION = YES;
				CLANG_WARN_DEPRECATED_OBJC_IMPLEMENTATIONS = YES;
				CLANG_WARN_DIRECT_OBJC_ISA_USAGE = YES_ERROR;
				CLANG_WARN_DOCUMENTATION_COMMENTS = YES;
				CLANG_WARN_EMPTY_BODY = YES;
				CLANG_WARN_ENUM_CONVERSION = YES;
				CLANG_WARN_INFINITE_RECURSION = YES;
				CLANG_WARN_INT_CONVERSION = YES;
				CLANG_WARN_NON_LITERAL_NULL_CONVERSION = YES;
				CLANG_WARN_OBJC_IMPLICIT_RETAIN_SELF = YES;
				CLANG_WARN_OBJC_LITERAL_CONVERSION = YES;
				CLANG_WARN_OBJC_ROOT_CLASS = YES_ERROR;
				CLANG_WARN_QUOTED_INCLUDE_IN_FRAMEWORK_HEADER = YES;
				CLANG_WARN_RANGE_LOOP_ANALYSIS = YES;
				CLANG_WARN_STRICT_PROTOTYPES = YES;
				CLANG_WARN_SUSPICIOUS_MOVE = YES;
				CLANG_WARN_UNGUARDED_AVAILABILITY = YES_AGGRESSIVE;
				CLANG_WARN_UNREACHABLE_CODE = YES;
				CLANG_WARN__DUPLICATE_METHOD_MATCH = YES;
				COPY_PHASE_STRIP = NO;
				DEBUG_INFORMATION_FORMAT = "dwarf-with-dsym";
				ENABLE_NS_ASSERTIONS = NO;
				ENABLE_STRICT_OBJC_MSGSEND = YES;
				GCC_C_LANGUAGE_STANDARD = gnu11;
				GCC_NO_COMMON_BLOCKS = YES;
				GCC_WARN_64_TO_32_BIT_CONVERSION = YES;
				GCC_WARN_ABOUT_RETURN_TYPE = YES_ERROR;
				GCC_WARN_UNDECLARED_SELECTOR = YES;
				GCC_WARN_UNINITIALIZED_AUTOS = YES_AGGRESSIVE;
				GCC_WARN_UNUSED_FUNCTION = YES;
				GCC_WARN_UNUSED_VARIABLE = YES;
				IPHONEOS_DEPLOYMENT_TARGET = 15.0;
				MTL_ENABLE_DEBUG_INFO = NO;
				MTL_FAST_MATH = YES;
				SDKROOT = iphoneos;
				SWIFT_COMPILATION_MODE = wholemodule;
				SWIFT_OPTIMIZATION_LEVEL = "-O";
				VALIDATE_PRODUCT = YES;
			};
			name = Release;
		};
		45ACB4D22724AD1D000E04A0 /* Debug */ = {
			isa = XCBuildConfiguration;
			buildSettings = {
				ASSETCATALOG_COMPILER_APPICON_NAME = AppIcon;
				ASSETCATALOG_COMPILER_GLOBAL_ACCENT_COLOR_NAME = AccentColor;
				CODE_SIGN_STYLE = Automatic;
				CURRENT_PROJECT_VERSION = 1;
				DEVELOPMENT_ASSET_PATHS = "\"ChoreReward/Preview Content\"";
				DEVELOPMENT_TEAM = ZRF6QZUXP5;
				ENABLE_PREVIEWS = YES;
				GENERATE_INFOPLIST_FILE = YES;
				INFOPLIST_KEY_UIApplicationSceneManifest_Generation = YES;
				INFOPLIST_KEY_UIApplicationSupportsIndirectInputEvents = YES;
				INFOPLIST_KEY_UILaunchScreen_Generation = YES;
				INFOPLIST_KEY_UISupportedInterfaceOrientations_iPad = "UIInterfaceOrientationPortrait UIInterfaceOrientationPortraitUpsideDown UIInterfaceOrientationLandscapeLeft UIInterfaceOrientationLandscapeRight";
				INFOPLIST_KEY_UISupportedInterfaceOrientations_iPhone = "UIInterfaceOrientationPortrait UIInterfaceOrientationLandscapeLeft UIInterfaceOrientationLandscapeRight";
				IPHONEOS_DEPLOYMENT_TARGET = 14.0;
				LD_RUNPATH_SEARCH_PATHS = (
					"$(inherited)",
					"@executable_path/Frameworks",
				);
				MARKETING_VERSION = 1.0;
				PRODUCT_BUNDLE_IDENTIFIER = noat.ChoreReward;
				PRODUCT_NAME = "$(TARGET_NAME)";
				SWIFT_EMIT_LOC_STRINGS = YES;
				SWIFT_VERSION = 5.0;
				TARGETED_DEVICE_FAMILY = "1,2";
			};
			name = Debug;
		};
		45ACB4D32724AD1D000E04A0 /* Release */ = {
			isa = XCBuildConfiguration;
			buildSettings = {
				ASSETCATALOG_COMPILER_APPICON_NAME = AppIcon;
				ASSETCATALOG_COMPILER_GLOBAL_ACCENT_COLOR_NAME = AccentColor;
				CODE_SIGN_STYLE = Automatic;
				CURRENT_PROJECT_VERSION = 1;
				DEVELOPMENT_ASSET_PATHS = "\"ChoreReward/Preview Content\"";
				DEVELOPMENT_TEAM = ZRF6QZUXP5;
				ENABLE_PREVIEWS = YES;
				GENERATE_INFOPLIST_FILE = YES;
				INFOPLIST_KEY_UIApplicationSceneManifest_Generation = YES;
				INFOPLIST_KEY_UIApplicationSupportsIndirectInputEvents = YES;
				INFOPLIST_KEY_UILaunchScreen_Generation = YES;
				INFOPLIST_KEY_UISupportedInterfaceOrientations_iPad = "UIInterfaceOrientationPortrait UIInterfaceOrientationPortraitUpsideDown UIInterfaceOrientationLandscapeLeft UIInterfaceOrientationLandscapeRight";
				INFOPLIST_KEY_UISupportedInterfaceOrientations_iPhone = "UIInterfaceOrientationPortrait UIInterfaceOrientationLandscapeLeft UIInterfaceOrientationLandscapeRight";
				IPHONEOS_DEPLOYMENT_TARGET = 14.0;
				LD_RUNPATH_SEARCH_PATHS = (
					"$(inherited)",
					"@executable_path/Frameworks",
				);
				MARKETING_VERSION = 1.0;
				PRODUCT_BUNDLE_IDENTIFIER = noat.ChoreReward;
				PRODUCT_NAME = "$(TARGET_NAME)";
				SWIFT_EMIT_LOC_STRINGS = YES;
				SWIFT_VERSION = 5.0;
				TARGETED_DEVICE_FAMILY = "1,2";
			};
			name = Release;
		};
		45ACB4D52724AD1D000E04A0 /* Debug */ = {
			isa = XCBuildConfiguration;
			buildSettings = {
				ALWAYS_EMBED_SWIFT_STANDARD_LIBRARIES = YES;
				BUNDLE_LOADER = "$(TEST_HOST)";
				CODE_SIGN_STYLE = Automatic;
				CURRENT_PROJECT_VERSION = 1;
				DEVELOPMENT_TEAM = ZRF6QZUXP5;
				GENERATE_INFOPLIST_FILE = YES;
				IPHONEOS_DEPLOYMENT_TARGET = 14.0;
				LD_RUNPATH_SEARCH_PATHS = (
					"$(inherited)",
					"@executable_path/Frameworks",
					"@loader_path/Frameworks",
				);
				MARKETING_VERSION = 1.0;
				PRODUCT_BUNDLE_IDENTIFIER = noat.ChoreRewardTests;
				PRODUCT_NAME = "$(TARGET_NAME)";
				SWIFT_EMIT_LOC_STRINGS = NO;
				SWIFT_VERSION = 5.0;
				TARGETED_DEVICE_FAMILY = "1,2";
				TEST_HOST = "$(BUILT_PRODUCTS_DIR)/ChoreReward.app/ChoreReward";
			};
			name = Debug;
		};
		45ACB4D62724AD1D000E04A0 /* Release */ = {
			isa = XCBuildConfiguration;
			buildSettings = {
				ALWAYS_EMBED_SWIFT_STANDARD_LIBRARIES = YES;
				BUNDLE_LOADER = "$(TEST_HOST)";
				CODE_SIGN_STYLE = Automatic;
				CURRENT_PROJECT_VERSION = 1;
				DEVELOPMENT_TEAM = ZRF6QZUXP5;
				GENERATE_INFOPLIST_FILE = YES;
				IPHONEOS_DEPLOYMENT_TARGET = 14.0;
				LD_RUNPATH_SEARCH_PATHS = (
					"$(inherited)",
					"@executable_path/Frameworks",
					"@loader_path/Frameworks",
				);
				MARKETING_VERSION = 1.0;
				PRODUCT_BUNDLE_IDENTIFIER = noat.ChoreRewardTests;
				PRODUCT_NAME = "$(TARGET_NAME)";
				SWIFT_EMIT_LOC_STRINGS = NO;
				SWIFT_VERSION = 5.0;
				TARGETED_DEVICE_FAMILY = "1,2";
				TEST_HOST = "$(BUILT_PRODUCTS_DIR)/ChoreReward.app/ChoreReward";
			};
			name = Release;
		};
		45ACB4D82724AD1D000E04A0 /* Debug */ = {
			isa = XCBuildConfiguration;
			buildSettings = {
				ALWAYS_EMBED_SWIFT_STANDARD_LIBRARIES = YES;
				CODE_SIGN_STYLE = Automatic;
				CURRENT_PROJECT_VERSION = 1;
				DEVELOPMENT_TEAM = ZRF6QZUXP5;
				GENERATE_INFOPLIST_FILE = YES;
				LD_RUNPATH_SEARCH_PATHS = (
					"$(inherited)",
					"@executable_path/Frameworks",
					"@loader_path/Frameworks",
				);
				MARKETING_VERSION = 1.0;
				PRODUCT_BUNDLE_IDENTIFIER = noat.ChoreRewardUITests;
				PRODUCT_NAME = "$(TARGET_NAME)";
				SWIFT_EMIT_LOC_STRINGS = NO;
				SWIFT_VERSION = 5.0;
				TARGETED_DEVICE_FAMILY = "1,2";
				TEST_TARGET_NAME = ChoreReward;
			};
			name = Debug;
		};
		45ACB4D92724AD1D000E04A0 /* Release */ = {
			isa = XCBuildConfiguration;
			buildSettings = {
				ALWAYS_EMBED_SWIFT_STANDARD_LIBRARIES = YES;
				CODE_SIGN_STYLE = Automatic;
				CURRENT_PROJECT_VERSION = 1;
				DEVELOPMENT_TEAM = ZRF6QZUXP5;
				GENERATE_INFOPLIST_FILE = YES;
				LD_RUNPATH_SEARCH_PATHS = (
					"$(inherited)",
					"@executable_path/Frameworks",
					"@loader_path/Frameworks",
				);
				MARKETING_VERSION = 1.0;
				PRODUCT_BUNDLE_IDENTIFIER = noat.ChoreRewardUITests;
				PRODUCT_NAME = "$(TARGET_NAME)";
				SWIFT_EMIT_LOC_STRINGS = NO;
				SWIFT_VERSION = 5.0;
				TARGETED_DEVICE_FAMILY = "1,2";
				TEST_TARGET_NAME = ChoreReward;
			};
			name = Release;
		};
/* End XCBuildConfiguration section */

/* Begin XCConfigurationList section */
		45ACB4A32724AD1A000E04A0 /* Build configuration list for PBXProject "ChoreReward" */ = {
			isa = XCConfigurationList;
			buildConfigurations = (
				45ACB4CF2724AD1D000E04A0 /* Debug */,
				45ACB4D02724AD1D000E04A0 /* Release */,
			);
			defaultConfigurationIsVisible = 0;
			defaultConfigurationName = Release;
		};
		45ACB4D12724AD1D000E04A0 /* Build configuration list for PBXNativeTarget "ChoreReward" */ = {
			isa = XCConfigurationList;
			buildConfigurations = (
				45ACB4D22724AD1D000E04A0 /* Debug */,
				45ACB4D32724AD1D000E04A0 /* Release */,
			);
			defaultConfigurationIsVisible = 0;
			defaultConfigurationName = Release;
		};
		45ACB4D42724AD1D000E04A0 /* Build configuration list for PBXNativeTarget "ChoreRewardTests" */ = {
			isa = XCConfigurationList;
			buildConfigurations = (
				45ACB4D52724AD1D000E04A0 /* Debug */,
				45ACB4D62724AD1D000E04A0 /* Release */,
			);
			defaultConfigurationIsVisible = 0;
			defaultConfigurationName = Release;
		};
		45ACB4D72724AD1D000E04A0 /* Build configuration list for PBXNativeTarget "ChoreRewardUITests" */ = {
			isa = XCConfigurationList;
			buildConfigurations = (
				45ACB4D82724AD1D000E04A0 /* Debug */,
				45ACB4D92724AD1D000E04A0 /* Release */,
			);
			defaultConfigurationIsVisible = 0;
			defaultConfigurationName = Release;
		};
/* End XCConfigurationList section */

/* Begin XCRemoteSwiftPackageReference section */
		45B012CB275491ED002C7A06 /* XCRemoteSwiftPackageReference "firebase-ios-sdk" */ = {
			isa = XCRemoteSwiftPackageReference;
			repositoryURL = "https://github.com/firebase/firebase-ios-sdk.git";
			requirement = {
				kind = upToNextMajorVersion;
				minimumVersion = 8.9.1;
			};
		};
/* End XCRemoteSwiftPackageReference section */

/* Begin XCSwiftPackageProductDependency section */
		45B012CC275491ED002C7A06 /* FirebaseAnalytics */ = {
			isa = XCSwiftPackageProductDependency;
			package = 45B012CB275491ED002C7A06 /* XCRemoteSwiftPackageReference "firebase-ios-sdk" */;
			productName = FirebaseAnalytics;
		};
		45B012CE275491ED002C7A06 /* FirebaseAuth */ = {
			isa = XCSwiftPackageProductDependency;
			package = 45B012CB275491ED002C7A06 /* XCRemoteSwiftPackageReference "firebase-ios-sdk" */;
			productName = FirebaseAuth;
		};
		45B012D0275491ED002C7A06 /* FirebaseFirestore */ = {
			isa = XCSwiftPackageProductDependency;
			package = 45B012CB275491ED002C7A06 /* XCRemoteSwiftPackageReference "firebase-ios-sdk" */;
			productName = FirebaseFirestore;
		};
		45B012D2275491ED002C7A06 /* FirebaseFirestoreSwift-Beta */ = {
			isa = XCSwiftPackageProductDependency;
			package = 45B012CB275491ED002C7A06 /* XCRemoteSwiftPackageReference "firebase-ios-sdk" */;
			productName = "FirebaseFirestoreSwift-Beta";
		};
/* End XCSwiftPackageProductDependency section */
	};
	rootObject = 45ACB4A02724AD1A000E04A0 /* Project object */;
}
